# This file is autogenerated, do not edit; changes may be undone by the next 'dep ensure'.


[[projects]]
  name = "github.com/mattn/go-sqlite3"
  packages = ["."]
  revision = "6c771bb9887719704b210e87e934f08be014bdb1"
  version = "v1.6.0"

[[projects]]
  name = "github.com/pkg/errors"
  packages = ["."]
  revision = "645ef00459ed84a119197bfb8d8205042c6df63d"
  version = "v0.8.0"

[[projects]]
  name = "github.com/visualfc/goqt"
  packages = ["ui"]
  revision = "8c774d7992330d283ceaa8477c82c5dd072b3db9"

[solve-meta]
  analyzer-name = "dep"
  analyzer-version = 1
  inputs-digest = "dc0fec7ffd255bfc59dd4f416a59c8f07bfd5ee2eabe11b138844cdd6a344d31"
  solver-name = "gps-cdcl"
  solver-version = 1
