# This file is autogenerated, do not edit; changes may be undone by the next 'dep ensure'.


[[projects]]
  branch = "master"
  name = "github.com/andlabs/ui"
  packages = ["."]
  revision = "6c3bda44d3039e3721c06516be3ab9ce9cbd48cc"

[[projects]]
  name = "github.com/mattn/go-sqlite3"
  packages = ["."]
  revision = "6c771bb9887719704b210e87e934f08be014bdb1"
  version = "v1.6.0"

[[projects]]
  name = "github.com/pkg/errors"
  packages = ["."]
  revision = "645ef00459ed84a119197bfb8d8205042c6df63d"
  version = "v0.8.0"

[[projects]]
  branch = "master"
  name = "github.com/therecipe/qt"
  packages = [
    ".",
    "core",
    "gui",
    "widgets"
  ]
  revision = "b95c8155e70be2501e82bf65636aadc5e414b810"

[[projects]]
  name = "github.com/visualfc/goqt"
  packages = ["ui"]
  revision = "8c774d7992330d283ceaa8477c82c5dd072b3db9"

[solve-meta]
  analyzer-name = "dep"
  analyzer-version = 1
  inputs-digest = "00ae500e58a967a8d5cae5e50fd2e16965701345b52387198ed77a68a5378fb9"
  solver-name = "gps-cdcl"
  solver-version = 1
